
Microsoft Visual Studio Solution File, Format Version 12.00
# Visual Studio Version 16
VisualStudioVersion = 16.0.31005.135
MinimumVisualStudioVersion = 10.0.40219.1
Project("{FAE04EC0-301F-11D3-BF4B-00C04F79EFBC}") = "SG_ASP_3", "SG_ASP_3\SG_ASP_3.csproj", "{6C123FB6-3107-4FC9-A30B-7E410C3C162A}"
EndProject
Project("{FAE04EC0-301F-11D3-BF4B-00C04F79EFBC}") = "Reportes", "Reportes\Reportes.csproj", "{243B0EFF-6552-4CF2-A472-0BE7009E0328}"
EndProject
Global
	GlobalSection(SolutionConfigurationPlatforms) = preSolution
		Debug|Any CPU = Debug|Any CPU
		Release|Any CPU = Release|Any CPU
	EndGlobalSection
	GlobalSection(ProjectConfigurationPlatforms) = postSolution
		{6C123FB6-3107-4FC9-A30B-7E410C3C162A}.Debug|Any CPU.ActiveCfg = Debug|Any CPU
		{6C123FB6-3107-4FC9-A30B-7E410C3C162A}.Debug|Any CPU.Build.0 = Debug|Any CPU
		{6C123FB6-3107-4FC9-A30B-7E410C3C162A}.Release|Any CPU.ActiveCfg = Release|Any CPU
		{6C123FB6-3107-4FC9-A30B-7E410C3C162A}.Release|Any CPU.Build.0 = Release|Any CPU
		{243B0EFF-6552-4CF2-A472-0BE7009E0328}.Debug|Any CPU.ActiveCfg = Debug|Any CPU
		{243B0EFF-6552-4CF2-A472-0BE7009E0328}.Debug|Any CPU.Build.0 = Debug|Any CPU
		{243B0EFF-6552-4CF2-A472-0BE7009E0328}.Release|Any CPU.ActiveCfg = Release|Any CPU
		{243B0EFF-6552-4CF2-A472-0BE7009E0328}.Release|Any CPU.Build.0 = Release|Any CPU
	EndGlobalSection
	GlobalSection(SolutionProperties) = preSolution
		HideSolutionNode = FALSE
	EndGlobalSection
	GlobalSection(ExtensibilityGlobals) = postSolution
		SolutionGuid = {D70E8D48-B7EC-43C9-BB08-9E4FEAAAAE98}
	EndGlobalSection
EndGlobal
